
Microsoft Visual Studio Solution File, Format Version 12.00
# Visual Studio 15
VisualStudioVersion = 15.0.27703.2000
MinimumVisualStudioVersion = 10.0.40219.1
Project("{9A19103F-16F7-4668-BE54-9A1E7A4F7556}") = "BeyondLaDecor.Api", "BeyondLaDecor.Api.csproj", "{1AAA8456-087D-4895-BE52-CC377D325A2A}"
EndProject
Project("{9A19103F-16F7-4668-BE54-9A1E7A4F7556}") = "BeyondLaDecor.Data", "..\BeyondLaDecor\BeyondLaDecor.Data.csproj", "{2ACE8822-A656-4243-A747-6451CF093AAF}"
EndProject
Project("{FAE04EC0-301F-11D3-BF4B-00C04F79EFBC}") = "BeyondLaDecor.Business", "..\BeyondLaDecor.Business\BeyondLaDecor.Business.csproj", "{31E63E7D-E0F2-4F33-9167-F1D139F60028}"
EndProject
Global
	GlobalSection(SolutionConfigurationPlatforms) = preSolution
		Debug|Any CPU = Debug|Any CPU
		Release|Any CPU = Release|Any CPU
	EndGlobalSection
	GlobalSection(ProjectConfigurationPlatforms) = postSolution
		{1AAA8456-087D-4895-BE52-CC377D325A2A}.Debug|Any CPU.ActiveCfg = Debug|Any CPU
		{1AAA8456-087D-4895-BE52-CC377D325A2A}.Debug|Any CPU.Build.0 = Debug|Any CPU
		{1AAA8456-087D-4895-BE52-CC377D325A2A}.Release|Any CPU.ActiveCfg = Release|Any CPU
		{1AAA8456-087D-4895-BE52-CC377D325A2A}.Release|Any CPU.Build.0 = Release|Any CPU
		{2ACE8822-A656-4243-A747-6451CF093AAF}.Debug|Any CPU.ActiveCfg = Debug|Any CPU
		{2ACE8822-A656-4243-A747-6451CF093AAF}.Debug|Any CPU.Build.0 = Debug|Any CPU
		{2ACE8822-A656-4243-A747-6451CF093AAF}.Release|Any CPU.ActiveCfg = Release|Any CPU
		{2ACE8822-A656-4243-A747-6451CF093AAF}.Release|Any CPU.Build.0 = Release|Any CPU
		{31E63E7D-E0F2-4F33-9167-F1D139F60028}.Debug|Any CPU.ActiveCfg = Debug|Any CPU
		{31E63E7D-E0F2-4F33-9167-F1D139F60028}.Debug|Any CPU.Build.0 = Debug|Any CPU
		{31E63E7D-E0F2-4F33-9167-F1D139F60028}.Release|Any CPU.ActiveCfg = Release|Any CPU
		{31E63E7D-E0F2-4F33-9167-F1D139F60028}.Release|Any CPU.Build.0 = Release|Any CPU
	EndGlobalSection
	GlobalSection(SolutionProperties) = preSolution
		HideSolutionNode = FALSE
	EndGlobalSection
	GlobalSection(ExtensibilityGlobals) = postSolution
		SolutionGuid = {3DB7DB62-08BD-4B42-8A7B-5C6FFFBC1EF3}
	EndGlobalSection
EndGlobal
